
Microsoft Visual Studio Solution File, Format Version 11.00
# Visual Studio 2010
Project("{FAE04EC0-301F-11D3-BF4B-00C04F79EFBC}") = "ForumGenerator_Version2_Server", "..\ForumGenerator_Version2_Server\ForumGenerator_Version2_Server\ForumGenerator_Version2_Server.csproj", "{9348D782-8904-4316-AE0C-5893356CC773}"
EndProject
Project("{FAE04EC0-301F-11D3-BF4B-00C04F79EFBC}") = "ConsoleApplication1", "ConsoleApplication1.csproj", "{117F5D2E-C997-4A9F-9765-3B4F0E9C1EC1}"
EndProject
Project("{FAE04EC0-301F-11D3-BF4B-00C04F79EFBC}") = "ForumGenerator_Client", "..\ForumGenerator_Client\ForumGenerator_Client\ForumGenerator_Client.csproj", "{25791596-4DFA-43D4-B227-6050DF20EEAD}"
EndProject
Global
	GlobalSection(SolutionConfigurationPlatforms) = preSolution
		Debug|Any CPU = Debug|Any CPU
		Debug|Mixed Platforms = Debug|Mixed Platforms
		Debug|x86 = Debug|x86
		Release|Any CPU = Release|Any CPU
		Release|Mixed Platforms = Release|Mixed Platforms
		Release|x86 = Release|x86
	EndGlobalSection
	GlobalSection(ProjectConfigurationPlatforms) = postSolution
		{9348D782-8904-4316-AE0C-5893356CC773}.Debug|Any CPU.ActiveCfg = Debug|Any CPU
		{9348D782-8904-4316-AE0C-5893356CC773}.Debug|Any CPU.Build.0 = Debug|Any CPU
		{9348D782-8904-4316-AE0C-5893356CC773}.Debug|Mixed Platforms.ActiveCfg = Debug|Any CPU
		{9348D782-8904-4316-AE0C-5893356CC773}.Debug|Mixed Platforms.Build.0 = Debug|Any CPU
		{9348D782-8904-4316-AE0C-5893356CC773}.Debug|x86.ActiveCfg = Debug|Any CPU
		{9348D782-8904-4316-AE0C-5893356CC773}.Release|Any CPU.ActiveCfg = Release|Any CPU
		{9348D782-8904-4316-AE0C-5893356CC773}.Release|Any CPU.Build.0 = Release|Any CPU
		{9348D782-8904-4316-AE0C-5893356CC773}.Release|Mixed Platforms.ActiveCfg = Release|Any CPU
		{9348D782-8904-4316-AE0C-5893356CC773}.Release|Mixed Platforms.Build.0 = Release|Any CPU
		{9348D782-8904-4316-AE0C-5893356CC773}.Release|x86.ActiveCfg = Release|Any CPU
		{117F5D2E-C997-4A9F-9765-3B4F0E9C1EC1}.Debug|Any CPU.ActiveCfg = Debug|x86
		{117F5D2E-C997-4A9F-9765-3B4F0E9C1EC1}.Debug|Mixed Platforms.ActiveCfg = Debug|x86
		{117F5D2E-C997-4A9F-9765-3B4F0E9C1EC1}.Debug|Mixed Platforms.Build.0 = Debug|x86
		{117F5D2E-C997-4A9F-9765-3B4F0E9C1EC1}.Debug|x86.ActiveCfg = Debug|x86
		{117F5D2E-C997-4A9F-9765-3B4F0E9C1EC1}.Debug|x86.Build.0 = Debug|x86
		{117F5D2E-C997-4A9F-9765-3B4F0E9C1EC1}.Release|Any CPU.ActiveCfg = Release|x86
		{117F5D2E-C997-4A9F-9765-3B4F0E9C1EC1}.Release|Mixed Platforms.ActiveCfg = Release|x86
		{117F5D2E-C997-4A9F-9765-3B4F0E9C1EC1}.Release|Mixed Platforms.Build.0 = Release|x86
		{117F5D2E-C997-4A9F-9765-3B4F0E9C1EC1}.Release|x86.ActiveCfg = Release|x86
		{117F5D2E-C997-4A9F-9765-3B4F0E9C1EC1}.Release|x86.Build.0 = Release|x86
		{25791596-4DFA-43D4-B227-6050DF20EEAD}.Debug|Any CPU.ActiveCfg = Debug|Any CPU
		{25791596-4DFA-43D4-B227-6050DF20EEAD}.Debug|Any CPU.Build.0 = Debug|Any CPU
		{25791596-4DFA-43D4-B227-6050DF20EEAD}.Debug|Mixed Platforms.ActiveCfg = Debug|Any CPU
		{25791596-4DFA-43D4-B227-6050DF20EEAD}.Debug|Mixed Platforms.Build.0 = Debug|Any CPU
		{25791596-4DFA-43D4-B227-6050DF20EEAD}.Debug|x86.ActiveCfg = Debug|Any CPU
		{25791596-4DFA-43D4-B227-6050DF20EEAD}.Release|Any CPU.ActiveCfg = Release|Any CPU
		{25791596-4DFA-43D4-B227-6050DF20EEAD}.Release|Any CPU.Build.0 = Release|Any CPU
		{25791596-4DFA-43D4-B227-6050DF20EEAD}.Release|Mixed Platforms.ActiveCfg = Release|Any CPU
		{25791596-4DFA-43D4-B227-6050DF20EEAD}.Release|Mixed Platforms.Build.0 = Release|Any CPU
		{25791596-4DFA-43D4-B227-6050DF20EEAD}.Release|x86.ActiveCfg = Release|Any CPU
	EndGlobalSection
	GlobalSection(SolutionProperties) = preSolution
		HideSolutionNode = FALSE
	EndGlobalSection
EndGlobal
