
Microsoft Visual Studio Solution File, Format Version 11.00
# Visual Studio 2010
Project("{FAE04EC0-301F-11D3-BF4B-00C04F79EFBC}") = "ForumGenerator_Version2_Server", "ForumGenerator_Version2_Server\ForumGenerator_Version2_Server.csproj", "{9348D782-8904-4316-AE0C-5893356CC773}"
EndProject
Project("{2150E333-8FDC-42A3-9474-1A3956D46DE8}") = "Solution Items", "Solution Items", "{79B31556-5912-4A8D-B2EF-DBBD68B7BC65}"
	ProjectSection(SolutionItems) = preProject
		ForumGenerator_Version2_Server.vsmdi = ForumGenerator_Version2_Server.vsmdi
		Local.testsettings = Local.testsettings
		TraceAndTestImpact.testsettings = TraceAndTestImpact.testsettings
	EndProjectSection
EndProject
Global
	GlobalSection(TestCaseManagementSettings) = postSolution
		CategoryFile = ForumGenerator_Version2_Server.vsmdi
	EndGlobalSection
	GlobalSection(SolutionConfigurationPlatforms) = preSolution
		Debug|Any CPU = Debug|Any CPU
		Release|Any CPU = Release|Any CPU
	EndGlobalSection
	GlobalSection(ProjectConfigurationPlatforms) = postSolution
		{9348D782-8904-4316-AE0C-5893356CC773}.Debug|Any CPU.ActiveCfg = Debug|Any CPU
		{9348D782-8904-4316-AE0C-5893356CC773}.Debug|Any CPU.Build.0 = Debug|Any CPU
		{9348D782-8904-4316-AE0C-5893356CC773}.Release|Any CPU.ActiveCfg = Release|Any CPU
		{9348D782-8904-4316-AE0C-5893356CC773}.Release|Any CPU.Build.0 = Release|Any CPU
	EndGlobalSection
	GlobalSection(SolutionProperties) = preSolution
		HideSolutionNode = FALSE
	EndGlobalSection
EndGlobal
